
Microsoft Visual Studio Solution File, Format Version 12.00
# Visual Studio 15
VisualStudioVersion = 15.0.27130.2027
MinimumVisualStudioVersion = 10.0.40219.1
Project("{FAE04EC0-301F-11D3-BF4B-00C04F79EFBC}") = "Service.Console", "Service.Console\Service.Console.csproj", "{EFB27745-D33B-4B8E-BDAD-F7D82C58D941}"
EndProject
Project("{FAE04EC0-301F-11D3-BF4B-00C04F79EFBC}") = "Patterns.ServiceLocator", "Patterns.ServiceLocator\Patterns.ServiceLocator.csproj", "{A8A248EA-D294-4EF8-A419-8F8FA8191ADD}"
EndProject
Project("{FAE04EC0-301F-11D3-BF4B-00C04F79EFBC}") = "Logging", "Logging\Logging.csproj", "{449C66FC-2084-4CA1-AEDA-138A4D890497}"
EndProject
Global
	GlobalSection(SolutionConfigurationPlatforms) = preSolution
		Debug|Any CPU = Debug|Any CPU
		Release|Any CPU = Release|Any CPU
	EndGlobalSection
	GlobalSection(ProjectConfigurationPlatforms) = postSolution
		{EFB27745-D33B-4B8E-BDAD-F7D82C58D941}.Debug|Any CPU.ActiveCfg = Debug|Any CPU
		{EFB27745-D33B-4B8E-BDAD-F7D82C58D941}.Debug|Any CPU.Build.0 = Debug|Any CPU
		{EFB27745-D33B-4B8E-BDAD-F7D82C58D941}.Release|Any CPU.ActiveCfg = Release|Any CPU
		{EFB27745-D33B-4B8E-BDAD-F7D82C58D941}.Release|Any CPU.Build.0 = Release|Any CPU
		{A8A248EA-D294-4EF8-A419-8F8FA8191ADD}.Debug|Any CPU.ActiveCfg = Debug|Any CPU
		{A8A248EA-D294-4EF8-A419-8F8FA8191ADD}.Debug|Any CPU.Build.0 = Debug|Any CPU
		{A8A248EA-D294-4EF8-A419-8F8FA8191ADD}.Release|Any CPU.ActiveCfg = Release|Any CPU
		{A8A248EA-D294-4EF8-A419-8F8FA8191ADD}.Release|Any CPU.Build.0 = Release|Any CPU
		{449C66FC-2084-4CA1-AEDA-138A4D890497}.Debug|Any CPU.ActiveCfg = Debug|Any CPU
		{449C66FC-2084-4CA1-AEDA-138A4D890497}.Debug|Any CPU.Build.0 = Debug|Any CPU
		{449C66FC-2084-4CA1-AEDA-138A4D890497}.Release|Any CPU.ActiveCfg = Release|Any CPU
		{449C66FC-2084-4CA1-AEDA-138A4D890497}.Release|Any CPU.Build.0 = Release|Any CPU
	EndGlobalSection
	GlobalSection(SolutionProperties) = preSolution
		HideSolutionNode = FALSE
	EndGlobalSection
	GlobalSection(ExtensibilityGlobals) = postSolution
		SolutionGuid = {A779B843-CAD2-469B-B981-6A5D41283EA1}
	EndGlobalSection
EndGlobal
